// !$*UTF8*$!
{
	archiveVersion = 1;
	classes = {
	};
	objectVersion = 46;
	objects = {

/* Begin PBXBuildFile section */
		6C2825E71952698F004EDD70 /* Contato.m in Sources */ = {isa = PBXBuildFile; fileRef = 6C2825E61952698F004EDD70 /* Contato.m */; };
		6C31E8A8195A598000AABACE /* MessageUI.framework in Frameworks */ = {isa = PBXBuildFile; fileRef = 6C31E8A7195A598000AABACE /* MessageUI.framework */; };
		6CEA195B19539EE300DF447B /* ListaContatosViewController.m in Sources */ = {isa = PBXBuildFile; fileRef = 6CEA195A19539EE300DF447B /* ListaContatosViewController.m */; };
		6CF385E21952515900C92AB5 /* Foundation.framework in Frameworks */ = {isa = PBXBuildFile; fileRef = 6CF385E11952515900C92AB5 /* Foundation.framework */; };
		6CF385E41952515900C92AB5 /* CoreGraphics.framework in Frameworks */ = {isa = PBXBuildFile; fileRef = 6CF385E31952515900C92AB5 /* CoreGraphics.framework */; };
		6CF385E61952515900C92AB5 /* UIKit.framework in Frameworks */ = {isa = PBXBuildFile; fileRef = 6CF385E51952515900C92AB5 /* UIKit.framework */; };
		6CF385EC1952515900C92AB5 /* InfoPlist.strings in Resources */ = {isa = PBXBuildFile; fileRef = 6CF385EA1952515900C92AB5 /* InfoPlist.strings */; };
		6CF385EE1952515900C92AB5 /* main.m in Sources */ = {isa = PBXBuildFile; fileRef = 6CF385ED1952515900C92AB5 /* main.m */; };
		6CF385F21952515900C92AB5 /* AppDelegate.m in Sources */ = {isa = PBXBuildFile; fileRef = 6CF385F11952515900C92AB5 /* AppDelegate.m */; };
		6CF385F41952515900C92AB5 /* Images.xcassets in Resources */ = {isa = PBXBuildFile; fileRef = 6CF385F31952515900C92AB5 /* Images.xcassets */; };
		6CF385FB1952515900C92AB5 /* XCTest.framework in Frameworks */ = {isa = PBXBuildFile; fileRef = 6CF385FA1952515900C92AB5 /* XCTest.framework */; };
		6CF385FC1952515900C92AB5 /* Foundation.framework in Frameworks */ = {isa = PBXBuildFile; fileRef = 6CF385E11952515900C92AB5 /* Foundation.framework */; };
		6CF385FD1952515900C92AB5 /* UIKit.framework in Frameworks */ = {isa = PBXBuildFile; fileRef = 6CF385E51952515900C92AB5 /* UIKit.framework */; };
		6CF386051952515900C92AB5 /* InfoPlist.strings in Resources */ = {isa = PBXBuildFile; fileRef = 6CF386031952515900C92AB5 /* InfoPlist.strings */; };
		6CF386071952515900C92AB5 /* ContatosTests.m in Sources */ = {isa = PBXBuildFile; fileRef = 6CF386061952515900C92AB5 /* ContatosTests.m */; };
		6CF38613195252E300C92AB5 /* FormularioContatoViewController.m in Sources */ = {isa = PBXBuildFile; fileRef = 6CF38611195252E300C92AB5 /* FormularioContatoViewController.m */; };
		6CF38614195252E300C92AB5 /* FormularioContatoViewController.xib in Resources */ = {isa = PBXBuildFile; fileRef = 6CF38612195252E300C92AB5 /* FormularioContatoViewController.xib */; };
		A091453619579F290008E400 /* contato.plist in Resources */ = {isa = PBXBuildFile; fileRef = A091453519579F290008E400 /* contato.plist */; };
/* End PBXBuildFile section */

/* Begin PBXContainerItemProxy section */
		6CF385FE1952515900C92AB5 /* PBXContainerItemProxy */ = {
			isa = PBXContainerItemProxy;
			containerPortal = 6CF385D61952515900C92AB5 /* Project object */;
			proxyType = 1;
			remoteGlobalIDString = 6CF385DD1952515900C92AB5;
			remoteInfo = Contatos;
		};
/* End PBXContainerItemProxy section */

/* Begin PBXFileReference section */
		6C2825E51952698F004EDD70 /* Contato.h */ = {isa = PBXFileReference; fileEncoding = 4; lastKnownFileType = sourcecode.c.h; name = Contato.h; path = ../Contato.h; sourceTree = "<group>"; };
		6C2825E61952698F004EDD70 /* Contato.m */ = {isa = PBXFileReference; fileEncoding = 4; lastKnownFileType = sourcecode.c.objc; name = Contato.m; path = ../Contato.m; sourceTree = "<group>"; };
		6C31E8A7195A598000AABACE /* MessageUI.framework */ = {isa = PBXFileReference; lastKnownFileType = wrapper.framework; name = MessageUI.framework; path = System/Library/Frameworks/MessageUI.framework; sourceTree = SDKROOT; };
		6CEA195919539EE300DF447B /* ListaContatosViewController.h */ = {isa = PBXFileReference; fileEncoding = 4; lastKnownFileType = sourcecode.c.h; path = ListaContatosViewController.h; sourceTree = "<group>"; };
		6CEA195A19539EE300DF447B /* ListaContatosViewController.m */ = {isa = PBXFileReference; fileEncoding = 4; lastKnownFileType = sourcecode.c.objc; path = ListaContatosViewController.m; sourceTree = "<group>"; };
		6CF385DE1952515900C92AB5 /* Contatos.app */ = {isa = PBXFileReference; explicitFileType = wrapper.application; includeInIndex = 0; path = Contatos.app; sourceTree = BUILT_PRODUCTS_DIR; };
		6CF385E11952515900C92AB5 /* Foundation.framework */ = {isa = PBXFileReference; lastKnownFileType = wrapper.framework; name = Foundation.framework; path = System/Library/Frameworks/Foundation.framework; sourceTree = SDKROOT; };
		6CF385E31952515900C92AB5 /* CoreGraphics.framework */ = {isa = PBXFileReference; lastKnownFileType = wrapper.framework; name = CoreGraphics.framework; path = System/Library/Frameworks/CoreGraphics.framework; sourceTree = SDKROOT; };
		6CF385E51952515900C92AB5 /* UIKit.framework */ = {isa = PBXFileReference; lastKnownFileType = wrapper.framework; name = UIKit.framework; path = System/Library/Frameworks/UIKit.framework; sourceTree = SDKROOT; };
		6CF385E91952515900C92AB5 /* Contatos-Info.plist */ = {isa = PBXFileReference; lastKnownFileType = text.plist.xml; path = "Contatos-Info.plist"; sourceTree = "<group>"; };
		6CF385EB1952515900C92AB5 /* en */ = {isa = PBXFileReference; lastKnownFileType = text.plist.strings; name = en; path = en.lproj/InfoPlist.strings; sourceTree = "<group>"; };
		6CF385ED1952515900C92AB5 /* main.m */ = {isa = PBXFileReference; lastKnownFileType = sourcecode.c.objc; path = main.m; sourceTree = "<group>"; };
		6CF385EF1952515900C92AB5 /* Contatos-Prefix.pch */ = {isa = PBXFileReference; lastKnownFileType = sourcecode.c.h; path = "Contatos-Prefix.pch"; sourceTree = "<group>"; };
		6CF385F01952515900C92AB5 /* AppDelegate.h */ = {isa = PBXFileReference; lastKnownFileType = sourcecode.c.h; path = AppDelegate.h; sourceTree = "<group>"; };
		6CF385F11952515900C92AB5 /* AppDelegate.m */ = {isa = PBXFileReference; lastKnownFileType = sourcecode.c.objc; path = AppDelegate.m; sourceTree = "<group>"; };
		6CF385F31952515900C92AB5 /* Images.xcassets */ = {isa = PBXFileReference; lastKnownFileType = folder.assetcatalog; path = Images.xcassets; sourceTree = "<group>"; };
		6CF385F91952515900C92AB5 /* ContatosTests.xctest */ = {isa = PBXFileReference; explicitFileType = wrapper.cfbundle; includeInIndex = 0; path = ContatosTests.xctest; sourceTree = BUILT_PRODUCTS_DIR; };
		6CF385FA1952515900C92AB5 /* XCTest.framework */ = {isa = PBXFileReference; lastKnownFileType = wrapper.framework; name = XCTest.framework; path = Library/Frameworks/XCTest.framework; sourceTree = DEVELOPER_DIR; };
		6CF386021952515900C92AB5 /* ContatosTests-Info.plist */ = {isa = PBXFileReference; lastKnownFileType = text.plist.xml; path = "ContatosTests-Info.plist"; sourceTree = "<group>"; };
		6CF386041952515900C92AB5 /* en */ = {isa = PBXFileReference; lastKnownFileType = text.plist.strings; name = en; path = en.lproj/InfoPlist.strings; sourceTree = "<group>"; };
		6CF386061952515900C92AB5 /* ContatosTests.m */ = {isa = PBXFileReference; lastKnownFileType = sourcecode.c.objc; path = ContatosTests.m; sourceTree = "<group>"; };
		6CF38610195252E300C92AB5 /* FormularioContatoViewController.h */ = {isa = PBXFileReference; fileEncoding = 4; lastKnownFileType = sourcecode.c.h; path = FormularioContatoViewController.h; sourceTree = "<group>"; };
		6CF38611195252E300C92AB5 /* FormularioContatoViewController.m */ = {isa = PBXFileReference; fileEncoding = 4; lastKnownFileType = sourcecode.c.objc; path = FormularioContatoViewController.m; sourceTree = "<group>"; };
		6CF38612195252E300C92AB5 /* FormularioContatoViewController.xib */ = {isa = PBXFileReference; fileEncoding = 4; lastKnownFileType = file.xib; path = FormularioContatoViewController.xib; sourceTree = "<group>"; };
		A091453519579F290008E400 /* contato.plist */ = {isa = PBXFileReference; fileEncoding = 4; lastKnownFileType = text.plist.xml; path = contato.plist; sourceTree = "<group>"; };
/* End PBXFileReference section */

/* Begin PBXFrameworksBuildPhase section */
		6CF385DB1952515900C92AB5 /* Frameworks */ = {
			isa = PBXFrameworksBuildPhase;
			buildActionMask = 2147483647;
			files = (
				6C31E8A8195A598000AABACE /* MessageUI.framework in Frameworks */,
				6CF385E41952515900C92AB5 /* CoreGraphics.framework in Frameworks */,
				6CF385E61952515900C92AB5 /* UIKit.framework in Frameworks */,
				6CF385E21952515900C92AB5 /* Foundation.framework in Frameworks */,
			);
			runOnlyForDeploymentPostprocessing = 0;
		};
		6CF385F61952515900C92AB5 /* Frameworks */ = {
			isa = PBXFrameworksBuildPhase;
			buildActionMask = 2147483647;
			files = (
				6CF385FB1952515900C92AB5 /* XCTest.framework in Frameworks */,
				6CF385FD1952515900C92AB5 /* UIKit.framework in Frameworks */,
				6CF385FC1952515900C92AB5 /* Foundation.framework in Frameworks */,
			);
			runOnlyForDeploymentPostprocessing = 0;
		};
/* End PBXFrameworksBuildPhase section */

/* Begin PBXGroup section */
		6CF385D51952515900C92AB5 = {
			isa = PBXGroup;
			children = (
				6CF385E71952515900C92AB5 /* Contatos */,
				6CF386001952515900C92AB5 /* ContatosTests */,
				6CF385E01952515900C92AB5 /* Frameworks */,
				6CF385DF1952515900C92AB5 /* Products */,
			);
			sourceTree = "<group>";
		};
		6CF385DF1952515900C92AB5 /* Products */ = {
			isa = PBXGroup;
			children = (
				6CF385DE1952515900C92AB5 /* Contatos.app */,
				6CF385F91952515900C92AB5 /* ContatosTests.xctest */,
			);
			name = Products;
			sourceTree = "<group>";
		};
		6CF385E01952515900C92AB5 /* Frameworks */ = {
			isa = PBXGroup;
			children = (
				6C31E8A7195A598000AABACE /* MessageUI.framework */,
				6CF385E11952515900C92AB5 /* Foundation.framework */,
				6CF385E31952515900C92AB5 /* CoreGraphics.framework */,
				6CF385E51952515900C92AB5 /* UIKit.framework */,
				6CF385FA1952515900C92AB5 /* XCTest.framework */,
			);
			name = Frameworks;
			sourceTree = "<group>";
		};
		6CF385E71952515900C92AB5 /* Contatos */ = {
			isa = PBXGroup;
			children = (
				6C2825E51952698F004EDD70 /* Contato.h */,
				6C2825E61952698F004EDD70 /* Contato.m */,
				6CF385F01952515900C92AB5 /* AppDelegate.h */,
				6CF385F11952515900C92AB5 /* AppDelegate.m */,
				6CF38610195252E300C92AB5 /* FormularioContatoViewController.h */,
				6CF38611195252E300C92AB5 /* FormularioContatoViewController.m */,
				A091453519579F290008E400 /* contato.plist */,
				6CF38612195252E300C92AB5 /* FormularioContatoViewController.xib */,
				6CEA195919539EE300DF447B /* ListaContatosViewController.h */,
				6CEA195A19539EE300DF447B /* ListaContatosViewController.m */,
				6CF385F31952515900C92AB5 /* Images.xcassets */,
				6CF385E81952515900C92AB5 /* Supporting Files */,
			);
			path = Contatos;
			sourceTree = "<group>";
		};
		6CF385E81952515900C92AB5 /* Supporting Files */ = {
			isa = PBXGroup;
			children = (
				6CF385E91952515900C92AB5 /* Contatos-Info.plist */,
				6CF385EA1952515900C92AB5 /* InfoPlist.strings */,
				6CF385ED1952515900C92AB5 /* main.m */,
				6CF385EF1952515900C92AB5 /* Contatos-Prefix.pch */,
			);
			name = "Supporting Files";
			sourceTree = "<group>";
		};
		6CF386001952515900C92AB5 /* ContatosTests */ = {
			isa = PBXGroup;
			children = (
				6CF386061952515900C92AB5 /* ContatosTests.m */,
				6CF386011952515900C92AB5 /* Supporting Files */,
			);
			path = ContatosTests;
			sourceTree = "<group>";
		};
		6CF386011952515900C92AB5 /* Supporting Files */ = {
			isa = PBXGroup;
			children = (
				6CF386021952515900C92AB5 /* ContatosTests-Info.plist */,
				6CF386031952515900C92AB5 /* InfoPlist.strings */,
			);
			name = "Supporting Files";
			sourceTree = "<group>";
		};
/* End PBXGroup section */

/* Begin PBXNativeTarget section */
		6CF385DD1952515900C92AB5 /* Contatos */ = {
			isa = PBXNativeTarget;
			buildConfigurationList = 6CF3860A1952515900C92AB5 /* Build configuration list for PBXNativeTarget "Contatos" */;
			buildPhases = (
				6CF385DA1952515900C92AB5 /* Sources */,
				6CF385DB1952515900C92AB5 /* Frameworks */,
				6CF385DC1952515900C92AB5 /* Resources */,
			);
			buildRules = (
			);
			dependencies = (
			);
			name = Contatos;
			productName = Contatos;
			productReference = 6CF385DE1952515900C92AB5 /* Contatos.app */;
			productType = "com.apple.product-type.application";
		};
		6CF385F81952515900C92AB5 /* ContatosTests */ = {
			isa = PBXNativeTarget;
			buildConfigurationList = 6CF3860D1952515900C92AB5 /* Build configuration list for PBXNativeTarget "ContatosTests" */;
			buildPhases = (
				6CF385F51952515900C92AB5 /* Sources */,
				6CF385F61952515900C92AB5 /* Frameworks */,
				6CF385F71952515900C92AB5 /* Resources */,
			);
			buildRules = (
			);
			dependencies = (
				6CF385FF1952515900C92AB5 /* PBXTargetDependency */,
			);
			name = ContatosTests;
			productName = ContatosTests;
			productReference = 6CF385F91952515900C92AB5 /* ContatosTests.xctest */;
			productType = "com.apple.product-type.bundle.unit-test";
		};
/* End PBXNativeTarget section */

/* Begin PBXProject section */
		6CF385D61952515900C92AB5 /* Project object */ = {
			isa = PBXProject;
			attributes = {
				LastUpgradeCheck = 0510;
				ORGANIZATIONNAME = lgrmobile;
				TargetAttributes = {
					6CF385F81952515900C92AB5 = {
						TestTargetID = 6CF385DD1952515900C92AB5;
					};
				};
			};
			buildConfigurationList = 6CF385D91952515900C92AB5 /* Build configuration list for PBXProject "Contatos" */;
			compatibilityVersion = "Xcode 3.2";
			developmentRegion = English;
			hasScannedForEncodings = 0;
			knownRegions = (
				en,
			);
			mainGroup = 6CF385D51952515900C92AB5;
			productRefGroup = 6CF385DF1952515900C92AB5 /* Products */;
			projectDirPath = "";
			projectRoot = "";
			targets = (
				6CF385DD1952515900C92AB5 /* Contatos */,
				6CF385F81952515900C92AB5 /* ContatosTests */,
			);
		};
/* End PBXProject section */

/* Begin PBXResourcesBuildPhase section */
		6CF385DC1952515900C92AB5 /* Resources */ = {
			isa = PBXResourcesBuildPhase;
			buildActionMask = 2147483647;
			files = (
				6CF385EC1952515900C92AB5 /* InfoPlist.strings in Resources */,
				6CF38614195252E300C92AB5 /* FormularioContatoViewController.xib in Resources */,
				6CF385F41952515900C92AB5 /* Images.xcassets in Resources */,
				A091453619579F290008E400 /* contato.plist in Resources */,
			);
			runOnlyForDeploymentPostprocessing = 0;
		};
		6CF385F71952515900C92AB5 /* Resources */ = {
			isa = PBXResourcesBuildPhase;
			buildActionMask = 2147483647;
			files = (
				6CF386051952515900C92AB5 /* InfoPlist.strings in Resources */,
			);
			runOnlyForDeploymentPostprocessing = 0;
		};
/* End PBXResourcesBuildPhase section */

/* Begin PBXSourcesBuildPhase section */
		6CF385DA1952515900C92AB5 /* Sources */ = {
			isa = PBXSourcesBuildPhase;
			buildActionMask = 2147483647;
			files = (
				6C2825E71952698F004EDD70 /* Contato.m in Sources */,
				6CF385F21952515900C92AB5 /* AppDelegate.m in Sources */,
				6CEA195B19539EE300DF447B /* ListaContatosViewController.m in Sources */,
				6CF385EE1952515900C92AB5 /* main.m in Sources */,
				6CF38613195252E300C92AB5 /* FormularioContatoViewController.m in Sources */,
			);
			runOnlyForDeploymentPostprocessing = 0;
		};
		6CF385F51952515900C92AB5 /* Sources */ = {
			isa = PBXSourcesBuildPhase;
			buildActionMask = 2147483647;
			files = (
				6CF386071952515900C92AB5 /* ContatosTests.m in Sources */,
			);
			runOnlyForDeploymentPostprocessing = 0;
		};
/* End PBXSourcesBuildPhase section */

/* Begin PBXTargetDependency section */
		6CF385FF1952515900C92AB5 /* PBXTargetDependency */ = {
			isa = PBXTargetDependency;
			target = 6CF385DD1952515900C92AB5 /* Contatos */;
			targetProxy = 6CF385FE1952515900C92AB5 /* PBXContainerItemProxy */;
		};
/* End PBXTargetDependency section */

/* Begin PBXVariantGroup section */
		6CF385EA1952515900C92AB5 /* InfoPlist.strings */ = {
			isa = PBXVariantGroup;
			children = (
				6CF385EB1952515900C92AB5 /* en */,
			);
			name = InfoPlist.strings;
			sourceTree = "<group>";
		};
		6CF386031952515900C92AB5 /* InfoPlist.strings */ = {
			isa = PBXVariantGroup;
			children = (
				6CF386041952515900C92AB5 /* en */,
			);
			name = InfoPlist.strings;
			sourceTree = "<group>";
		};
/* End PBXVariantGroup section */

/* Begin XCBuildConfiguration section */
		6CF386081952515900C92AB5 /* Debug */ = {
			isa = XCBuildConfiguration;
			buildSettings = {
				ALWAYS_SEARCH_USER_PATHS = NO;
				CLANG_CXX_LANGUAGE_STANDARD = "gnu++0x";
				CLANG_CXX_LIBRARY = "libc++";
				CLANG_ENABLE_MODULES = YES;
				CLANG_ENABLE_OBJC_ARC = YES;
				CLANG_WARN_BOOL_CONVERSION = YES;
				CLANG_WARN_CONSTANT_CONVERSION = YES;
				CLANG_WARN_DIRECT_OBJC_ISA_USAGE = YES_ERROR;
				CLANG_WARN_EMPTY_BODY = YES;
				CLANG_WARN_ENUM_CONVERSION = YES;
				CLANG_WARN_INT_CONVERSION = YES;
				CLANG_WARN_OBJC_ROOT_CLASS = YES_ERROR;
				CLANG_WARN__DUPLICATE_METHOD_MATCH = YES;
				"CODE_SIGN_IDENTITY[sdk=iphoneos*]" = "iPhone Developer";
				COPY_PHASE_STRIP = NO;
				GCC_C_LANGUAGE_STANDARD = gnu99;
				GCC_DYNAMIC_NO_PIC = NO;
				GCC_OPTIMIZATION_LEVEL = 0;
				GCC_PREPROCESSOR_DEFINITIONS = (
					"DEBUG=1",
					"$(inherited)",
				);
				GCC_SYMBOLS_PRIVATE_EXTERN = NO;
				GCC_WARN_64_TO_32_BIT_CONVERSION = YES;
				GCC_WARN_ABOUT_RETURN_TYPE = YES_ERROR;
				GCC_WARN_UNDECLARED_SELECTOR = YES;
				GCC_WARN_UNINITIALIZED_AUTOS = YES_AGGRESSIVE;
				GCC_WARN_UNUSED_FUNCTION = YES;
				GCC_WARN_UNUSED_VARIABLE = YES;
				IPHONEOS_DEPLOYMENT_TARGET = 7.1;
				ONLY_ACTIVE_ARCH = YES;
				SDKROOT = iphoneos;
			};
			name = Debug;
		};
		6CF386091952515900C92AB5 /* Release */ = {
			isa = XCBuildConfiguration;
			buildSettings = {
				ALWAYS_SEARCH_USER_PATHS = NO;
				CLANG_CXX_LANGUAGE_STANDARD = "gnu++0x";
				CLANG_CXX_LIBRARY = "libc++";
				CLANG_ENABLE_MODULES = YES;
				CLANG_ENABLE_OBJC_ARC = YES;
				CLANG_WARN_BOOL_CONVERSION = YES;
				CLANG_WARN_CONSTANT_CONVERSION = YES;
				CLANG_WARN_DIRECT_OBJC_ISA_USAGE = YES_ERROR;
				CLANG_WARN_EMPTY_BODY = YES;
				CLANG_WARN_ENUM_CONVERSION = YES;
				CLANG_WARN_INT_CONVERSION = YES;
				CLANG_WARN_OBJC_ROOT_CLASS = YES_ERROR;
				CLANG_WARN__DUPLICATE_METHOD_MATCH = YES;
				"CODE_SIGN_IDENTITY[sdk=iphoneos*]" = "iPhone Developer";
				COPY_PHASE_STRIP = YES;
				ENABLE_NS_ASSERTIONS = NO;
				GCC_C_LANGUAGE_STANDARD = gnu99;
				GCC_WARN_64_TO_32_BIT_CONVERSION = YES;
				GCC_WARN_ABOUT_RETURN_TYPE = YES_ERROR;
				GCC_WARN_UNDECLARED_SELECTOR = YES;
				GCC_WARN_UNINITIALIZED_AUTOS = YES_AGGRESSIVE;
				GCC_WARN_UNUSED_FUNCTION = YES;
				GCC_WARN_UNUSED_VARIABLE = YES;
				IPHONEOS_DEPLOYMENT_TARGET = 7.1;
				SDKROOT = iphoneos;
				VALIDATE_PRODUCT = YES;
			};
			name = Release;
		};
		6CF3860B1952515900C92AB5 /* Debug */ = {
			isa = XCBuildConfiguration;
			buildSettings = {
				ASSETCATALOG_COMPILER_APPICON_NAME = AppIcon;
				ASSETCATALOG_COMPILER_LAUNCHIMAGE_NAME = LaunchImage;
				GCC_PRECOMPILE_PREFIX_HEADER = YES;
				GCC_PREFIX_HEADER = "Contatos/Contatos-Prefix.pch";
				INFOPLIST_FILE = "Contatos/Contatos-Info.plist";
				PRODUCT_NAME = "$(TARGET_NAME)";
				TARGETED_DEVICE_FAMILY = 1;
				WRAPPER_EXTENSION = app;
			};
			name = Debug;
		};
		6CF3860C1952515900C92AB5 /* Release */ = {
			isa = XCBuildConfiguration;
			buildSettings = {
				ASSETCATALOG_COMPILER_APPICON_NAME = AppIcon;
				ASSETCATALOG_COMPILER_LAUNCHIMAGE_NAME = LaunchImage;
				GCC_PRECOMPILE_PREFIX_HEADER = YES;
				GCC_PREFIX_HEADER = "Contatos/Contatos-Prefix.pch";
				INFOPLIST_FILE = "Contatos/Contatos-Info.plist";
				PRODUCT_NAME = "$(TARGET_NAME)";
				TARGETED_DEVICE_FAMILY = 1;
				WRAPPER_EXTENSION = app;
			};
			name = Release;
		};
		6CF3860E1952515900C92AB5 /* Debug */ = {
			isa = XCBuildConfiguration;
			buildSettings = {
				BUNDLE_LOADER = "$(BUILT_PRODUCTS_DIR)/Contatos.app/Contatos";
				FRAMEWORK_SEARCH_PATHS = (
					"$(SDKROOT)/Developer/Library/Frameworks",
					"$(inherited)",
					"$(DEVELOPER_FRAMEWORKS_DIR)",
				);
				GCC_PRECOMPILE_PREFIX_HEADER = YES;
				GCC_PREFIX_HEADER = "Contatos/Contatos-Prefix.pch";
				GCC_PREPROCESSOR_DEFINITIONS = (
					"DEBUG=1",
					"$(inherited)",
				);
				INFOPLIST_FILE = "ContatosTests/ContatosTests-Info.plist";
				PRODUCT_NAME = "$(TARGET_NAME)";
				TEST_HOST = "$(BUNDLE_LOADER)";
				WRAPPER_EXTENSION = xctest;
			};
			name = Debug;
		};
		6CF3860F1952515900C92AB5 /* Release */ = {
			isa = XCBuildConfiguration;
			buildSettings = {
				BUNDLE_LOADER = "$(BUILT_PRODUCTS_DIR)/Contatos.app/Contatos";
				FRAMEWORK_SEARCH_PATHS = (
					"$(SDKROOT)/Developer/Library/Frameworks",
					"$(inherited)",
					"$(DEVELOPER_FRAMEWORKS_DIR)",
				);
				GCC_PRECOMPILE_PREFIX_HEADER = YES;
				GCC_PREFIX_HEADER = "Contatos/Contatos-Prefix.pch";
				INFOPLIST_FILE = "ContatosTests/ContatosTests-Info.plist";
				PRODUCT_NAME = "$(TARGET_NAME)";
				TEST_HOST = "$(BUNDLE_LOADER)";
				WRAPPER_EXTENSION = xctest;
			};
			name = Release;
		};
/* End XCBuildConfiguration section */

/* Begin XCConfigurationList section */
		6CF385D91952515900C92AB5 /* Build configuration list for PBXProject "Contatos" */ = {
			isa = XCConfigurationList;
			buildConfigurations = (
				6CF386081952515900C92AB5 /* Debug */,
				6CF386091952515900C92AB5 /* Release */,
			);
			defaultConfigurationIsVisible = 0;
			defaultConfigurationName = Release;
		};
		6CF3860A1952515900C92AB5 /* Build configuration list for PBXNativeTarget "Contatos" */ = {
			isa = XCConfigurationList;
			buildConfigurations = (
				6CF3860B1952515900C92AB5 /* Debug */,
				6CF3860C1952515900C92AB5 /* Release */,
			);
			defaultConfigurationIsVisible = 0;
			defaultConfigurationName = Release;
		};
		6CF3860D1952515900C92AB5 /* Build configuration list for PBXNativeTarget "ContatosTests" */ = {
			isa = XCConfigurationList;
			buildConfigurations = (
				6CF3860E1952515900C92AB5 /* Debug */,
				6CF3860F1952515900C92AB5 /* Release */,
			);
			defaultConfigurationIsVisible = 0;
			defaultConfigurationName = Release;
		};
/* End XCConfigurationList section */
	};
	rootObject = 6CF385D61952515900C92AB5 /* Project object */;
}
